
Microsoft Visual Studio Solution File, Format Version 12.00
# Visual Studio Version 17
VisualStudioVersion = 17.4.33403.182
MinimumVisualStudioVersion = 10.0.40219.1
Project("{FAE04EC0-301F-11D3-BF4B-00C04F79EFBC}") = "Lab Creating Exceptions", "Lab Creating Exceptions.csproj", "{DFE4FCD7-7CDD-4D23-B422-276718882B5A}"
EndProject
Global
	GlobalSection(SolutionConfigurationPlatforms) = preSolution
		Debug|Any CPU = Debug|Any CPU
		Release|Any CPU = Release|Any CPU
	EndGlobalSection
	GlobalSection(ProjectConfigurationPlatforms) = postSolution
		{DFE4FCD7-7CDD-4D23-B422-276718882B5A}.Debug|Any CPU.ActiveCfg = Debug|Any CPU
		{DFE4FCD7-7CDD-4D23-B422-276718882B5A}.Debug|Any CPU.Build.0 = Debug|Any CPU
		{DFE4FCD7-7CDD-4D23-B422-276718882B5A}.Release|Any CPU.ActiveCfg = Release|Any CPU
		{DFE4FCD7-7CDD-4D23-B422-276718882B5A}.Release|Any CPU.Build.0 = Release|Any CPU
	EndGlobalSection
	GlobalSection(SolutionProperties) = preSolution
		HideSolutionNode = FALSE
	EndGlobalSection
	GlobalSection(ExtensibilityGlobals) = postSolution
		SolutionGuid = {FFF88A32-C328-4FB6-AA08-D28B84B29063}
	EndGlobalSection
EndGlobal
